<Solution>
  <Configurations>
    <Platform Name="ARM64" />
    <Platform Name="x64" />
    <Platform Name="x86" />
  </Configurations>
  <Project Path="BenchmarkSuite1/BenchmarkSuite1.csproj" />
  <Project Path="SmrtPad (Package)/SmrtPad (Package).wapproj" Type="c7167f0d-bc9f-4e6e-afe1-012c56b48db5">
    <Deploy />
  </Project>
  <Project Path="SmrtPad.Tests/SmrtPad.Tests.csproj">
    <Platform Project="x64" />
  </Project>
  <Project Path="SmrtPad.AI/SmrtPad.AI.csproj">
    <Platform Solution="*|ARM64" Project="ARM64" />
    <Platform Solution="*|x64" Project="x64" />
    <Platform Solution="*|x86" Project="x64" Build="false" />
  </Project>
  <Project Path="SmrtPad.AI.Benchmarks/SmrtPad.AI.Benchmarks.csproj">
    <Platform Solution="*|ARM64" Project="ARM64" />
    <Platform Solution="*|x64" Project="x64" />
    <Platform Solution="*|x86" Project="x64" Build="false" />
  </Project>
  <Project Path="SmrtPad.UITests/SmrtPad.UITests.csproj">
    <Platform Project="x64" />
  </Project>
  <Project Path="SmrtPad/SmrtPad.csproj">
    <Platform Solution="*|ARM64" Project="ARM64" />
    <Platform Solution="*|x64" Project="x64" />
    <Platform Solution="*|x86" Project="x86" />
  </Project>
</Solution>
